{
  "name": "testthepublishedpackage",
  "version": "1.0.0",
  "lockfileVersion": 2,
  "requires": true,
  "packages": {
    "": {
      "name": "testthepublishedpackage",
      "version": "1.0.0",
      "license": "ISC",
      "dependencies": {
        "addpackage-first01": "^1.0.1"
      }
    },
    "node_modules/addpackage-first01": {
      "version": "1.0.1",
      "resolved": "https://registry.npmjs.org/addpackage-first01/-/addpackage-first01-1.0.1.tgz",
      "integrity": "sha512-Jq8I6Dij3us+wAAbsUrEEDcPwaaEE6rmOZP/GOYvsaqDXqdOInXkMvRu/zSybDV6wGNXBUAv0AK/OVB624a8QQ=="
    }
  },
  "dependencies": {
    "addpackage-first01": {
      "version": "1.0.1",
      "resolved": "https://registry.npmjs.org/addpackage-first01/-/addpackage-first01-1.0.1.tgz",
      "integrity": "sha512-Jq8I6Dij3us+wAAbsUrEEDcPwaaEE6rmOZP/GOYvsaqDXqdOInXkMvRu/zSybDV6wGNXBUAv0AK/OVB624a8QQ=="
    }
  }
}
